
Microsoft Visual Studio Solution File, Format Version 12.00
# Visual Studio Version 16
VisualStudioVersion = 16.0.30804.86
MinimumVisualStudioVersion = 10.0.40219.1
Project("{FAE04EC0-301F-11D3-BF4B-00C04F79EFBC}") = "Domofon_ClassLibrary", "Domofon_ClassLibrary\Domofon_ClassLibrary.csproj", "{3835BC7F-756E-4BF2-B93B-2996A0F4D775}"
EndProject
Project("{FAE04EC0-301F-11D3-BF4B-00C04F79EFBC}") = "Domofon_WinForms", "Domofon_WinForms\Domofon_WinForms.csproj", "{7CF5DE9D-C744-4B93-BAC3-BBF164E71FAF}"
EndProject
Global
	GlobalSection(SolutionConfigurationPlatforms) = preSolution
		Debug|Any CPU = Debug|Any CPU
		Release|Any CPU = Release|Any CPU
	EndGlobalSection
	GlobalSection(ProjectConfigurationPlatforms) = postSolution
		{3835BC7F-756E-4BF2-B93B-2996A0F4D775}.Debug|Any CPU.ActiveCfg = Debug|Any CPU
		{3835BC7F-756E-4BF2-B93B-2996A0F4D775}.Debug|Any CPU.Build.0 = Debug|Any CPU
		{3835BC7F-756E-4BF2-B93B-2996A0F4D775}.Release|Any CPU.ActiveCfg = Release|Any CPU
		{3835BC7F-756E-4BF2-B93B-2996A0F4D775}.Release|Any CPU.Build.0 = Release|Any CPU
		{7CF5DE9D-C744-4B93-BAC3-BBF164E71FAF}.Debug|Any CPU.ActiveCfg = Debug|Any CPU
		{7CF5DE9D-C744-4B93-BAC3-BBF164E71FAF}.Debug|Any CPU.Build.0 = Debug|Any CPU
		{7CF5DE9D-C744-4B93-BAC3-BBF164E71FAF}.Release|Any CPU.ActiveCfg = Release|Any CPU
		{7CF5DE9D-C744-4B93-BAC3-BBF164E71FAF}.Release|Any CPU.Build.0 = Release|Any CPU
	EndGlobalSection
	GlobalSection(SolutionProperties) = preSolution
		HideSolutionNode = FALSE
	EndGlobalSection
	GlobalSection(ExtensibilityGlobals) = postSolution
		SolutionGuid = {8B239B6E-EED6-41EE-BEA4-C56A0F0D91A6}
	EndGlobalSection
EndGlobal
